
Microsoft Visual Studio Solution File, Format Version 12.00
# Visual Studio Version 16
VisualStudioVersion = 16.0.30907.101
MinimumVisualStudioVersion = 10.0.40219.1
Project("{FAE04EC0-301F-11D3-BF4B-00C04F79EFBC}") = "Bankai", "Bankai\Bankai.csproj", "{72D56064-0D05-4973-80F9-94DFC273BAE3}"
EndProject
Global
	GlobalSection(SolutionConfigurationPlatforms) = preSolution
		Debug|Any CPU = Debug|Any CPU
		Release|Any CPU = Release|Any CPU
	EndGlobalSection
	GlobalSection(ProjectConfigurationPlatforms) = postSolution
		{72D56064-0D05-4973-80F9-94DFC273BAE3}.Debug|Any CPU.ActiveCfg = Debug|Any CPU
		{72D56064-0D05-4973-80F9-94DFC273BAE3}.Debug|Any CPU.Build.0 = Debug|Any CPU
		{72D56064-0D05-4973-80F9-94DFC273BAE3}.Release|Any CPU.ActiveCfg = Release|Any CPU
		{72D56064-0D05-4973-80F9-94DFC273BAE3}.Release|Any CPU.Build.0 = Release|Any CPU
	EndGlobalSection
	GlobalSection(SolutionProperties) = preSolution
		HideSolutionNode = FALSE
	EndGlobalSection
	GlobalSection(ExtensibilityGlobals) = postSolution
		SolutionGuid = {5BA4D781-25EF-49FB-9EE9-241F646DBA1B}
	EndGlobalSection
EndGlobal
